<?xml version="1.0" encoding="utf-8"?>
<Project ToolsVersion="4.0" xmlns="http://schemas.microsoft.com/developer/msbuild/2003">
  <ItemGroup>
    <Filter Include="소스 파일">
      <UniqueIdentifier>{4FC737F1-C7A5-4376-A066-2A32D752A2FF}</UniqueIdentifier>
      <Extensions>cpp;c;cc;cxx;c++;cppm;ixx;def;odl;idl;hpj;bat;asm;asmx</Extensions>
    </Filter>
    <Filter Include="헤더 파일">
      <UniqueIdentifier>{93995380-89BD-4b04-88EB-625FBE52EBFB}</UniqueIdentifier>
      <Extensions>h;hh;hpp;hxx;h++;hm;inl;inc;ipp;xsd</Extensions>
    </Filter>
    <Filter Include="리소스 파일">
      <UniqueIdentifier>{67DA6AB6-F800-4c08-8B7A-83BB121AAD01}</UniqueIdentifier>
      <Extensions>rc;ico;cur;bmp;dlg;rc2;rct;bin;rgs;gif;jpg;jpeg;jpe;resx;tiff;tif;png;wav;mfcribbon-ms</Extensions>
    </Filter>
    <Filter Include="00. MainGame">
      <UniqueIdentifier>{6893e5b8-aea7-412b-984e-1be646764984}</UniqueIdentifier>
    </Filter>
    <Filter Include="01. Scene">
      <UniqueIdentifier>{a4ffaaa5-6479-4078-9d7b-abb8032f7545}</UniqueIdentifier>
    </Filter>
    <Filter Include="02. Object">
      <UniqueIdentifier>{e89b3b86-ac26-460a-8da9-91f5419721fe}</UniqueIdentifier>
    </Filter>
    <Filter Include="04. Line">
      <UniqueIdentifier>{7b646167-feba-4a24-8049-5c9d892b7845}</UniqueIdentifier>
    </Filter>
    <Filter Include="03. Bitmap">
      <UniqueIdentifier>{739d26c1-2682-4589-9c5c-d5865632828e}</UniqueIdentifier>
    </Filter>
    <Filter Include="05. KeyManager">
      <UniqueIdentifier>{cb6dfe68-d5c0-4c31-88ae-267c213f54d6}</UniqueIdentifier>
    </Filter>
    <Filter Include="06. ScrollManager">
      <UniqueIdentifier>{fa6d9f7e-7e81-4935-a87d-73210a3cf71d}</UniqueIdentifier>
    </Filter>
    <Filter Include="07. UIManager">
      <UniqueIdentifier>{1dfb09fb-4e5e-4698-bd6f-7c580f91b9d1}</UniqueIdentifier>
    </Filter>
    <Filter Include="02. Object\CollisionManager">
      <UniqueIdentifier>{60715243-6a77-4ae7-8b0c-13aae70cc432}</UniqueIdentifier>
    </Filter>
    <Filter Include="02. Object\Mouse">
      <UniqueIdentifier>{a9e6bc41-3c75-4f48-a423-556798be2d3f}</UniqueIdentifier>
    </Filter>
    <Filter Include="02. Object\ObjectManager">
      <UniqueIdentifier>{19c0863f-2da3-42f0-b057-bc73e32df8c3}</UniqueIdentifier>
    </Filter>
    <Filter Include="02. Object\Monster">
      <UniqueIdentifier>{479126b6-ff65-4f13-bfaa-ea0c0175c0f6}</UniqueIdentifier>
    </Filter>
    <Filter Include="02. Object\Player">
      <UniqueIdentifier>{b944b31c-f6d7-4de9-ba44-b2e8c6e6a02a}</UniqueIdentifier>
    </Filter>
    <Filter Include="02. Object\Tile">
      <UniqueIdentifier>{fec19c2b-10a7-4240-92ce-573bb98ab2ce}</UniqueIdentifier>
    </Filter>
  </ItemGroup>
  <ItemGroup>
    <ClInclude Include="framework.h">
      <Filter>헤더 파일</Filter>
    </ClInclude>
    <ClInclude Include="targetver.h">
      <Filter>헤더 파일</Filter>
    </ClInclude>
    <ClInclude Include="Resource.h">
      <Filter>헤더 파일</Filter>
    </ClInclude>
    <ClInclude Include="SuperMarioWorld.h">
      <Filter>헤더 파일</Filter>
    </ClInclude>
    <ClInclude Include="pch.h">
      <Filter>헤더 파일</Filter>
    </ClInclude>
    <ClInclude Include="Define.h">
      <Filter>헤더 파일</Filter>
    </ClInclude>
    <ClInclude Include="CMainGame.h">
      <Filter>00. MainGame</Filter>
    </ClInclude>
    <ClInclude Include="CScene.h">
      <Filter>01. Scene</Filter>
    </ClInclude>
    <ClInclude Include="CObject.h">
      <Filter>02. Object</Filter>
    </ClInclude>
    <ClInclude Include="CBmpMgr.h">
      <Filter>03. Bitmap</Filter>
    </ClInclude>
    <ClInclude Include="CMyBmp.h">
      <Filter>03. Bitmap</Filter>
    </ClInclude>
    <ClInclude Include="CSceneMgr.h">
      <Filter>01. Scene</Filter>
    </ClInclude>
    <ClInclude Include="CLine.h">
      <Filter>04. Line</Filter>
    </ClInclude>
    <ClInclude Include="CLineMgr.h">
      <Filter>04. Line</Filter>
    </ClInclude>
    <ClInclude Include="CKeyMgr.h">
      <Filter>05. KeyManager</Filter>
    </ClInclude>
    <ClInclude Include="CTutorial.h">
      <Filter>01. Scene</Filter>
    </ClInclude>
    <ClInclude Include="CScrollMgr.h">
      <Filter>06. ScrollManager</Filter>
    </ClInclude>
    <ClInclude Include="CScene01.h">
      <Filter>01. Scene</Filter>
    </ClInclude>
    <ClInclude Include="CUiMgr.h">
      <Filter>07. UIManager</Filter>
    </ClInclude>
    <ClInclude Include="CCollisionMgr.h">
      <Filter>02. Object\CollisionManager</Filter>
    </ClInclude>
    <ClInclude Include="CMouse.h">
      <Filter>02. Object\Mouse</Filter>
    </ClInclude>
    <ClInclude Include="CObjectMgr.h">
      <Filter>02. Object\ObjectManager</Filter>
    </ClInclude>
    <ClInclude Include="CMonster.h">
      <Filter>02. Object\Monster</Filter>
    </ClInclude>
    <ClInclude Include="CPlayer.h">
      <Filter>02. Object\Player</Filter>
    </ClInclude>
    <ClInclude Include="CTile.h">
      <Filter>02. Object\Tile</Filter>
    </ClInclude>
  </ItemGroup>
  <ItemGroup>
    <ClCompile Include="SuperMarioWorld.cpp">
      <Filter>소스 파일</Filter>
    </ClCompile>
    <ClCompile Include="pch.cpp">
      <Filter>소스 파일</Filter>
    </ClCompile>
    <ClCompile Include="CMainGame.cpp">
      <Filter>00. MainGame</Filter>
    </ClCompile>
    <ClCompile Include="CScene.cpp">
      <Filter>01. Scene</Filter>
    </ClCompile>
    <ClCompile Include="CObject.cpp">
      <Filter>02. Object</Filter>
    </ClCompile>
    <ClCompile Include="CBmpMgr.cpp">
      <Filter>03. Bitmap</Filter>
    </ClCompile>
    <ClCompile Include="CMyBmp.cpp">
      <Filter>03. Bitmap</Filter>
    </ClCompile>
    <ClCompile Include="CSceneMgr.cpp">
      <Filter>01. Scene</Filter>
    </ClCompile>
    <ClCompile Include="CLine.cpp">
      <Filter>04. Line</Filter>
    </ClCompile>
    <ClCompile Include="CLineMgr.cpp">
      <Filter>04. Line</Filter>
    </ClCompile>
    <ClCompile Include="CKeyMgr.cpp">
      <Filter>05. KeyManager</Filter>
    </ClCompile>
    <ClCompile Include="CTutorial.cpp">
      <Filter>01. Scene</Filter>
    </ClCompile>
    <ClCompile Include="CScrollMgr.cpp">
      <Filter>06. ScrollManager</Filter>
    </ClCompile>
    <ClCompile Include="CScene01.cpp">
      <Filter>01. Scene</Filter>
    </ClCompile>
    <ClCompile Include="CUiMgr.cpp">
      <Filter>07. UIManager</Filter>
    </ClCompile>
    <ClCompile Include="CCollisionMgr.cpp">
      <Filter>02. Object\CollisionManager</Filter>
    </ClCompile>
    <ClCompile Include="CMouse.cpp">
      <Filter>02. Object\Mouse</Filter>
    </ClCompile>
    <ClCompile Include="CObjectMgr.cpp">
      <Filter>02. Object\ObjectManager</Filter>
    </ClCompile>
    <ClCompile Include="CMonster.cpp">
      <Filter>02. Object\Monster</Filter>
    </ClCompile>
    <ClCompile Include="CPlayer.cpp">
      <Filter>02. Object\Player</Filter>
    </ClCompile>
    <ClCompile Include="CTile.cpp">
      <Filter>02. Object\Tile</Filter>
    </ClCompile>
  </ItemGroup>
  <ItemGroup>
    <ResourceCompile Include="SuperMarioWorld.rc">
      <Filter>리소스 파일</Filter>
    </ResourceCompile>
  </ItemGroup>
  <ItemGroup>
    <Image Include="small.ico">
      <Filter>리소스 파일</Filter>
    </Image>
    <Image Include="SuperMarioWorld.ico">
      <Filter>리소스 파일</Filter>
    </Image>
  </ItemGroup>
</Project>